{
    "_meta": {
        "hash": {
            "sha256": "450201e4be92e8c1d9b140f35a7f46e40de81aed04d343074fe705d35e2c6239"
        },
        "pipfile-spec": 6,
        "requires": {
            "python_version": "3.13"
        },
        "sources": [
            {
                "name": "pypi",
                "url": "https://pypi.org/simple",
                "verify_ssl": true
            }
        ]
    },
    "default": {
        "pulp": {
            "hashes": [
                "sha256:2e30e6c0ef2c0edac185220e3e53faca62eb786a9bd68465208f05bc63e850f3",
                "sha256:ad6a9b566d8458f4d05f4bfe2cea59e32885dd1da6929a361be579222107987c"
            ],
            "index": "pypi",
            "markers": "python_version >= '3.7'",
            "version": "==2.9.0"
        }
    },
    "develop": {}
}
